<?xml version="1.0" encoding="utf-8"?>
<Project ToolsVersion="4.0" xmlns="http://schemas.microsoft.com/developer/msbuild/2003">
  <ItemGroup>
    <Filter Include="resource">
      <UniqueIdentifier>{715254bc-d70b-4ec5-bf29-467dd3ace079}</UniqueIdentifier>
    </Filter>
    <Filter Include="Network">
      <UniqueIdentifier>{bb6c862e-70e9-49d9-81b7-3829a6f50471}</UniqueIdentifier>
    </Filter>
    <Filter Include="Core">
      <UniqueIdentifier>{e88481d7-464f-4cd2-b583-cca2d927d069}</UniqueIdentifier>
    </Filter>
    <Filter Include="GameObject">
      <UniqueIdentifier>{068cbb15-456a-44a1-9131-98bb33145516}</UniqueIdentifier>
    </Filter>
    <Filter Include="GameObject\Unit">
      <UniqueIdentifier>{0d9f5f6e-98a6-42e5-bc7c-d5b36bd226b7}</UniqueIdentifier>
    </Filter>
    <Filter Include="GameObject\field">
      <UniqueIdentifier>{97a5df55-b53a-4310-8013-75a9bb1e95ad}</UniqueIdentifier>
    </Filter>
    <Filter Include="Core\scene">
      <UniqueIdentifier>{5848369e-a16a-4f34-bf57-a9c8c6b2ae66}</UniqueIdentifier>
    </Filter>
    <Filter Include="GameObject\game">
      <UniqueIdentifier>{6d58c0b3-9d46-4333-9f85-6fe8beaaa9c1}</UniqueIdentifier>
    </Filter>
    <Filter Include="GameObject\player">
      <UniqueIdentifier>{86a64d5e-c36e-4453-970e-e529bd1ba44d}</UniqueIdentifier>
    </Filter>
    <Filter Include="GameObject\SKill">
      <UniqueIdentifier>{0afd9d54-fe83-4e2e-8021-adf433dc0604}</UniqueIdentifier>
    </Filter>
  </ItemGroup>
  <ItemGroup>
    <ClCompile Include="..\Classes\CircularBuffer.cpp">
      <Filter>Network</Filter>
    </ClCompile>
    <ClCompile Include="..\Classes\TcpClient.cpp">
      <Filter>Network</Filter>
    </ClCompile>
    <ClCompile Include="..\Classes\main.cpp">
      <Filter>Core</Filter>
    </ClCompile>
    <ClCompile Include="..\Classes\Unit.cpp">
      <Filter>GameObject\Unit</Filter>
    </ClCompile>
    <ClCompile Include="..\Classes\AppDelegate.cpp">
      <Filter>Core</Filter>
    </ClCompile>
    <ClCompile Include="..\Classes\field.cpp">
      <Filter>GameObject\field</Filter>
    </ClCompile>
    <ClCompile Include="..\Classes\GameScene.cpp">
      <Filter>Core\scene</Filter>
    </ClCompile>
    <ClCompile Include="..\Classes\Game.cpp">
      <Filter>GameObject\game</Filter>
    </ClCompile>
    <ClCompile Include="..\Classes\Player.cpp">
      <Filter>GameObject\player</Filter>
    </ClCompile>
  </ItemGroup>
  <ItemGroup>
    <ClInclude Include="..\Classes\CircularBuffer.h">
      <Filter>Network</Filter>
    </ClInclude>
    <ClInclude Include="..\Classes\TcpClient.h">
      <Filter>Network</Filter>
    </ClInclude>
    <ClInclude Include="..\Classes\Enums.h">
      <Filter>Core</Filter>
    </ClInclude>
    <ClInclude Include="..\Classes\Header.h">
      <Filter>Core</Filter>
    </ClInclude>
    <ClInclude Include="..\Classes\main.h">
      <Filter>Core</Filter>
    </ClInclude>
    <ClInclude Include="..\Classes\Unit.h">
      <Filter>GameObject\Unit</Filter>
    </ClInclude>
    <ClInclude Include="..\Classes\AppDelegate.h">
      <Filter>Core</Filter>
    </ClInclude>
    <ClInclude Include="..\Classes\field.h">
      <Filter>GameObject\field</Filter>
    </ClInclude>
    <ClInclude Include="..\Classes\GameScene.h">
      <Filter>Core\scene</Filter>
    </ClInclude>
    <ClInclude Include="..\Classes\Game.h">
      <Filter>GameObject\game</Filter>
    </ClInclude>
    <ClInclude Include="..\Classes\Player.h">
      <Filter>GameObject\player</Filter>
    </ClInclude>
    <ClInclude Include="..\..\PacketType.h">
      <Filter>Network</Filter>
    </ClInclude>
    <ClInclude Include="..\..\CommonDefinitions.h">
      <Filter>Core</Filter>
    </ClInclude>
  </ItemGroup>
  <ItemGroup>
    <ResourceCompile Include="game.rc">
      <Filter>resource</Filter>
    </ResourceCompile>
  </ItemGroup>
  <ItemGroup>
    <Image Include="..\Resources\npc_arcastone.png">
      <Filter>resource</Filter>
    </Image>
    <Image Include="..\Resources\npc_bomb.png.png">
      <Filter>resource</Filter>
    </Image>
    <Image Include="..\Resources\npc_pebble.png.png">
      <Filter>resource</Filter>
    </Image>
    <Image Include="..\Resources\npc_potion.png">
      <Filter>resource</Filter>
    </Image>
    <Image Include="..\Resources\npc_rock.png">
      <Filter>resource</Filter>
    </Image>
    <Image Include="..\Resources\npc_tree.png">
      <Filter>resource</Filter>
    </Image>
    <Image Include="..\Resources\shadow.png">
      <Filter>resource</Filter>
    </Image>
    <Image Include="..\Resources\sprite_none.png">
      <Filter>resource</Filter>
    </Image>
    <Image Include="..\Resources\unit_magician.png">
      <Filter>resource</Filter>
    </Image>
    <Image Include="..\Resources\arca_ora.png">
      <Filter>resource</Filter>
    </Image>
    <Image Include="..\Resources\block_cover_water.png">
      <Filter>resource</Filter>
    </Image>
    <Image Include="..\Resources\block_grass.png">
      <Filter>resource</Filter>
    </Image>
    <Image Include="..\Resources\block_grass1.png">
      <Filter>resource</Filter>
    </Image>
    <Image Include="..\Resources\block_grass2.png">
      <Filter>resource</Filter>
    </Image>
    <Image Include="..\Resources\block_grass3.png">
      <Filter>resource</Filter>
    </Image>
    <Image Include="..\Resources\block_grass4.png">
      <Filter>resource</Filter>
    </Image>
    <Image Include="..\Resources\block_grass5.png">
      <Filter>resource</Filter>
    </Image>
    <Image Include="..\Resources\block_grass6.png">
      <Filter>resource</Filter>
    </Image>
    <Image Include="..\Resources\block_water.png">
      <Filter>resource</Filter>
    </Image>
    <Image Include="..\Resources\character.png">
      <Filter>resource</Filter>
    </Image>
    <Image Include="..\Resources\character2.png">
      <Filter>resource</Filter>
    </Image>
    <Image Include="..\Resources\enemyunit.png">
      <Filter>resource</Filter>
    </Image>
    <Image Include="..\Resources\frame_atk.png">
      <Filter>resource</Filter>
    </Image>
    <Image Include="..\Resources\frame_hp.png">
      <Filter>resource</Filter>
    </Image>
    <Image Include="..\Resources\myunit.png">
      <Filter>resource</Filter>
    </Image>
  </ItemGroup>
  <ItemGroup>
    <Media Include="..\Resources\start.mp3">
      <Filter>resource</Filter>
    </Media>
    <Media Include="..\Resources\bgm.mp3">
      <Filter>resource</Filter>
    </Media>
    <Media Include="..\Resources\collision.mp3">
      <Filter>resource</Filter>
    </Media>
    <Media Include="..\Resources\die.mp3">
      <Filter>resource</Filter>
    </Media>
    <Media Include="..\Resources\move.mp3">
      <Filter>resource</Filter>
    </Media>
    <Media Include="..\Resources\myturn.mp3">
      <Filter>resource</Filter>
    </Media>
  </ItemGroup>
  <ItemGroup>
    <None Include="..\Resources\block_cover_water.plist">
      <Filter>resource</Filter>
    </None>
    <None Include="..\Resources\block_grass.plist">
      <Filter>resource</Filter>
    </None>
    <None Include="..\Resources\block_water.plist">
      <Filter>resource</Filter>
    </None>
  </ItemGroup>
</Project>