<?xml version="1.0" encoding="utf-8"?>
<Project ToolsVersion="4.0" xmlns="http://schemas.microsoft.com/developer/msbuild/2003">
  <ItemGroup>
    <Filter Include="resource">
      <UniqueIdentifier>{715254bc-d70b-4ec5-bf29-467dd3ace079}</UniqueIdentifier>
    </Filter>
    <Filter Include="Network">
      <UniqueIdentifier>{bb6c862e-70e9-49d9-81b7-3829a6f50471}</UniqueIdentifier>
    </Filter>
    <Filter Include="Core">
      <UniqueIdentifier>{e88481d7-464f-4cd2-b583-cca2d927d069}</UniqueIdentifier>
    </Filter>
    <Filter Include="GameObject">
      <UniqueIdentifier>{068cbb15-456a-44a1-9131-98bb33145516}</UniqueIdentifier>
    </Filter>
    <Filter Include="GameObject\Unit">
      <UniqueIdentifier>{0d9f5f6e-98a6-42e5-bc7c-d5b36bd226b7}</UniqueIdentifier>
    </Filter>
    <Filter Include="GameObject\Unit\PC">
      <UniqueIdentifier>{e3e0d86b-8a57-48c9-a17a-735a8b4b6e76}</UniqueIdentifier>
    </Filter>
    <Filter Include="GameObject\Unit\NPC">
      <UniqueIdentifier>{52c5edae-4ff5-4d83-8de1-e1fddf168002}</UniqueIdentifier>
    </Filter>
    <Filter Include="GameObject\field">
      <UniqueIdentifier>{97a5df55-b53a-4310-8013-75a9bb1e95ad}</UniqueIdentifier>
    </Filter>
    <Filter Include="Core\scene">
      <UniqueIdentifier>{5848369e-a16a-4f34-bf57-a9c8c6b2ae66}</UniqueIdentifier>
    </Filter>
    <Filter Include="GameObject\game">
      <UniqueIdentifier>{6d58c0b3-9d46-4333-9f85-6fe8beaaa9c1}</UniqueIdentifier>
    </Filter>
    <Filter Include="GameObject\player">
      <UniqueIdentifier>{86a64d5e-c36e-4453-970e-e529bd1ba44d}</UniqueIdentifier>
    </Filter>
  </ItemGroup>
  <ItemGroup>
    <ClCompile Include="..\Classes\CircularBuffer.cpp">
      <Filter>Network</Filter>
    </ClCompile>
    <ClCompile Include="..\Classes\TcpClient.cpp">
      <Filter>Network</Filter>
    </ClCompile>
    <ClCompile Include="..\Classes\main.cpp">
      <Filter>Core</Filter>
    </ClCompile>
    <ClCompile Include="..\Classes\Unit.cpp">
      <Filter>GameObject\Unit</Filter>
    </ClCompile>
    <ClCompile Include="..\Classes\NPC.cpp">
      <Filter>GameObject\Unit\NPC</Filter>
    </ClCompile>
    <ClCompile Include="..\Classes\AppDelegate.cpp">
      <Filter>Core</Filter>
    </ClCompile>
    <ClCompile Include="..\Classes\field.cpp">
      <Filter>GameObject\field</Filter>
    </ClCompile>
    <ClCompile Include="..\Classes\GameScene.cpp">
      <Filter>Core\scene</Filter>
    </ClCompile>
    <ClCompile Include="..\Classes\Game.cpp">
      <Filter>GameObject\game</Filter>
    </ClCompile>
    <ClCompile Include="..\Classes\Player.cpp">
      <Filter>GameObject\player</Filter>
    </ClCompile>
    <ClCompile Include="..\Classes\Soldier.cpp">
      <Filter>GameObject\Unit\PC</Filter>
    </ClCompile>
    <ClCompile Include="Bishop.cpp">
      <Filter>GameObject\Unit\PC</Filter>
    </ClCompile>
    <ClCompile Include="Knight.cpp">
      <Filter>GameObject\Unit\PC</Filter>
    </ClCompile>
    <ClCompile Include="Rider.cpp">
      <Filter>GameObject\Unit\PC</Filter>
    </ClCompile>
  </ItemGroup>
  <ItemGroup>
    <ClInclude Include="..\Classes\CircularBuffer.h">
      <Filter>Network</Filter>
    </ClInclude>
    <ClInclude Include="..\Classes\TcpClient.h">
      <Filter>Network</Filter>
    </ClInclude>
    <ClInclude Include="..\Classes\Enums.h">
      <Filter>Core</Filter>
    </ClInclude>
    <ClInclude Include="..\Classes\Header.h">
      <Filter>Core</Filter>
    </ClInclude>
    <ClInclude Include="..\Classes\main.h">
      <Filter>Core</Filter>
    </ClInclude>
    <ClInclude Include="..\Classes\Unit.h">
      <Filter>GameObject\Unit</Filter>
    </ClInclude>
    <ClInclude Include="..\Classes\NPC.h">
      <Filter>GameObject\Unit\NPC</Filter>
    </ClInclude>
    <ClInclude Include="..\Classes\AppDelegate.h">
      <Filter>Core</Filter>
    </ClInclude>
    <ClInclude Include="..\Classes\field.h">
      <Filter>GameObject\field</Filter>
    </ClInclude>
    <ClInclude Include="..\Classes\GameScene.h">
      <Filter>Core\scene</Filter>
    </ClInclude>
    <ClInclude Include="..\Classes\Game.h">
      <Filter>GameObject\game</Filter>
    </ClInclude>
    <ClInclude Include="..\Classes\Player.h">
      <Filter>GameObject\player</Filter>
    </ClInclude>
    <ClInclude Include="..\..\PacketType.h">
      <Filter>Network</Filter>
    </ClInclude>
    <ClInclude Include="..\Classes\Soldier.h">
      <Filter>GameObject\Unit\PC</Filter>
    </ClInclude>
    <ClInclude Include="Bishop.h">
      <Filter>GameObject\Unit\PC</Filter>
    </ClInclude>
    <ClInclude Include="Knight.h">
      <Filter>GameObject\Unit\PC</Filter>
    </ClInclude>
    <ClInclude Include="Rider.h">
      <Filter>GameObject\Unit\PC</Filter>
    </ClInclude>
  </ItemGroup>
  <ItemGroup>
    <ResourceCompile Include="game.rc">
      <Filter>resource</Filter>
    </ResourceCompile>
  </ItemGroup>
  <ItemGroup>
    <Image Include="..\Resources\Me.png">
      <Filter>resource</Filter>
    </Image>
    <Image Include="..\Resources\Projectile.png">
      <Filter>resource</Filter>
    </Image>
    <Image Include="..\Resources\Enomy.png">
      <Filter>resource</Filter>
    </Image>
  </ItemGroup>
</Project>