
Microsoft Visual Studio Solution File, Format Version 12.00
# Visual Studio 2013
VisualStudioVersion = 12.0.21005.1
MinimumVisualStudioVersion = 10.0.40219.1
Project("{8BC9CEB8-8B4A-11D0-8D11-00A0C91BC942}") = "libcocos2d", "..\cocos2d\cocos\2d\cocos2d.vcxproj", "{98A51BA8-FC3A-415B-AC8F-8C7BD464E93E}"
EndProject
Project("{8BC9CEB8-8B4A-11D0-8D11-00A0C91BC942}") = "libchipmunk", "..\cocos2d\external\chipmunk\proj.win32\chipmunk.vcxproj", "{207BC7A9-CCF1-4F2F-A04D-45F72242AE25}"
EndProject
Project("{8BC9CEB8-8B4A-11D0-8D11-00A0C91BC942}") = "libAudio", "..\cocos2d\cocos\audio\proj.win32\CocosDenshion.vcxproj", "{F8EDD7FA-9A51-4E80-BAEB-860825D2EAC6}"
EndProject
Project("{8BC9CEB8-8B4A-11D0-8D11-00A0C91BC942}") = "ArcaClient", "ArcaClient.vcxproj", "{B38D97FC-7D8F-4155-9F14-F95BA7079839}"
EndProject
Global
	GlobalSection(SolutionConfigurationPlatforms) = preSolution
		Debug|Win32 = Debug|Win32
		Release|Win32 = Release|Win32
	EndGlobalSection
	GlobalSection(ProjectConfigurationPlatforms) = postSolution
		{98A51BA8-FC3A-415B-AC8F-8C7BD464E93E}.Debug|Win32.ActiveCfg = Debug|Win32
		{98A51BA8-FC3A-415B-AC8F-8C7BD464E93E}.Debug|Win32.Build.0 = Debug|Win32
		{98A51BA8-FC3A-415B-AC8F-8C7BD464E93E}.Release|Win32.ActiveCfg = Release|Win32
		{98A51BA8-FC3A-415B-AC8F-8C7BD464E93E}.Release|Win32.Build.0 = Release|Win32
		{207BC7A9-CCF1-4F2F-A04D-45F72242AE25}.Debug|Win32.ActiveCfg = Debug|Win32
		{207BC7A9-CCF1-4F2F-A04D-45F72242AE25}.Debug|Win32.Build.0 = Debug|Win32
		{207BC7A9-CCF1-4F2F-A04D-45F72242AE25}.Release|Win32.ActiveCfg = Release|Win32
		{207BC7A9-CCF1-4F2F-A04D-45F72242AE25}.Release|Win32.Build.0 = Release|Win32
		{F8EDD7FA-9A51-4E80-BAEB-860825D2EAC6}.Debug|Win32.ActiveCfg = Debug|Win32
		{F8EDD7FA-9A51-4E80-BAEB-860825D2EAC6}.Debug|Win32.Build.0 = Debug|Win32
		{F8EDD7FA-9A51-4E80-BAEB-860825D2EAC6}.Release|Win32.ActiveCfg = Release|Win32
		{F8EDD7FA-9A51-4E80-BAEB-860825D2EAC6}.Release|Win32.Build.0 = Release|Win32
		{B38D97FC-7D8F-4155-9F14-F95BA7079839}.Debug|Win32.ActiveCfg = Debug|Win32
		{B38D97FC-7D8F-4155-9F14-F95BA7079839}.Debug|Win32.Build.0 = Debug|Win32
		{B38D97FC-7D8F-4155-9F14-F95BA7079839}.Release|Win32.ActiveCfg = Release|Win32
		{B38D97FC-7D8F-4155-9F14-F95BA7079839}.Release|Win32.Build.0 = Release|Win32
	EndGlobalSection
	GlobalSection(SolutionProperties) = preSolution
		HideSolutionNode = FALSE
	EndGlobalSection
EndGlobal
