<?xml version="1.0" encoding="utf-8"?>
<Project ToolsVersion="4.0" xmlns="http://schemas.microsoft.com/developer/msbuild/2003">
  <ItemGroup>
    <Filter Include="Utils">
      <UniqueIdentifier>{002996bc-5f49-4034-9846-d804baed220a}</UniqueIdentifier>
    </Filter>
    <Filter Include="Packet">
      <UniqueIdentifier>{3cfbe6f1-5834-4652-a3f4-358ccb895128}</UniqueIdentifier>
    </Filter>
    <Filter Include="Main">
      <UniqueIdentifier>{25fda20e-051c-4cae-8314-1442428c9b70}</UniqueIdentifier>
    </Filter>
    <Filter Include="Utils\SQLite3">
      <UniqueIdentifier>{70ad0489-0679-4018-996a-e52df58bf401}</UniqueIdentifier>
    </Filter>
    <Filter Include="GameLogic">
      <UniqueIdentifier>{78c230ec-d9f0-4931-8789-f40d6529f4da}</UniqueIdentifier>
    </Filter>
    <Filter Include="GameLogic\AutoMatcher">
      <UniqueIdentifier>{98cb4983-a769-4a8f-a7c7-856a590062dc}</UniqueIdentifier>
    </Filter>
    <Filter Include="GameLogic\Field">
      <UniqueIdentifier>{f500a09b-3510-4b5e-94ad-701e470a537f}</UniqueIdentifier>
    </Filter>
    <Filter Include="GameLogic\Game">
      <UniqueIdentifier>{1bbe26df-cff7-41e0-a5e9-8026ba09f0b7}</UniqueIdentifier>
    </Filter>
    <Filter Include="GameLogic\Game\GameMamanger">
      <UniqueIdentifier>{1c435fd7-bb27-41e1-a5aa-1760126d0aad}</UniqueIdentifier>
    </Filter>
    <Filter Include="GameLogic\Player">
      <UniqueIdentifier>{4d0ed041-1a65-4af4-8207-7f66272015b7}</UniqueIdentifier>
    </Filter>
    <Filter Include="GameLogic\Player\PlayerManager">
      <UniqueIdentifier>{7464d17c-a86a-4435-b079-0d7d1faffd64}</UniqueIdentifier>
    </Filter>
    <Filter Include="GameLogic\Player\Group">
      <UniqueIdentifier>{80d59f95-fe09-4c52-a18c-77db6dd44c35}</UniqueIdentifier>
    </Filter>
    <Filter Include="GameLogic\UnitData">
      <UniqueIdentifier>{393f8e9a-c4d6-457b-a541-82f9243845f8}</UniqueIdentifier>
    </Filter>
    <Filter Include="GameLogic\Unit">
      <UniqueIdentifier>{f4dd956d-fb35-47d4-9b96-8979dbb52ba3}</UniqueIdentifier>
    </Filter>
    <Filter Include="GameLogic\Unit\NPC">
      <UniqueIdentifier>{2c1a06b6-0bf0-4d50-b5c6-5e62ca22142c}</UniqueIdentifier>
    </Filter>
    <Filter Include="GameLogic\Unit\PC">
      <UniqueIdentifier>{52c1919c-78d6-4570-8d3b-0b8db93e262e}</UniqueIdentifier>
    </Filter>
  </ItemGroup>
  <ItemGroup>
    <Text Include="ReadMe.txt" />
  </ItemGroup>
  <ItemGroup>
    <ClInclude Include="..\..\PacketType.h">
      <Filter>Packet</Filter>
    </ClInclude>
    <ClInclude Include="CircularBuffer.h">
      <Filter>Utils</Filter>
    </ClInclude>
    <ClInclude Include="Exception.h">
      <Filter>Utils</Filter>
    </ClInclude>
    <ClInclude Include="DbHelper.h">
      <Filter>Utils</Filter>
    </ClInclude>
    <ClInclude Include="ObjectPool.h">
      <Filter>Utils</Filter>
    </ClInclude>
    <ClInclude Include="ProducerConsumerQueue.h">
      <Filter>Utils</Filter>
    </ClInclude>
    <ClInclude Include="targetver.h">
      <Filter>Main</Filter>
    </ClInclude>
    <ClInclude Include="stdafx.h">
      <Filter>Main</Filter>
    </ClInclude>
    <ClInclude Include="Config.h">
      <Filter>Main</Filter>
    </ClInclude>
    <ClInclude Include="ClientManager.h">
      <Filter>Main</Filter>
    </ClInclude>
    <ClInclude Include="ClientSession.h">
      <Filter>Main</Filter>
    </ClInclude>
    <ClInclude Include="DatabaseJobContext.h">
      <Filter>Main</Filter>
    </ClInclude>
    <ClInclude Include="DatabaseJobManager.h">
      <Filter>Main</Filter>
    </ClInclude>
    <ClInclude Include="SQLStatement.h">
      <Filter>Main</Filter>
    </ClInclude>
    <ClInclude Include="RefCountable.h">
      <Filter>Utils</Filter>
    </ClInclude>
    <ClInclude Include="Scheduler.h">
      <Filter>Utils</Filter>
    </ClInclude>
    <ClInclude Include="ThreadLocal.h">
      <Filter>Utils</Filter>
    </ClInclude>
    <ClInclude Include="sqlite3ext.h">
      <Filter>Utils\SQLite3</Filter>
    </ClInclude>
    <ClInclude Include="sqlite3.h">
      <Filter>Utils\SQLite3</Filter>
    </ClInclude>
    <ClInclude Include="Shop.h">
      <Filter>GameLogic</Filter>
    </ClInclude>
    <ClInclude Include="ArcaServer.h">
      <Filter>Main</Filter>
    </ClInclude>
    <ClInclude Include="enums.h">
      <Filter>Main</Filter>
    </ClInclude>
    <ClInclude Include="AutoMatcher.h">
      <Filter>GameLogic\AutoMatcher</Filter>
    </ClInclude>
    <ClInclude Include="Field.h">
      <Filter>GameLogic\Field</Filter>
    </ClInclude>
    <ClInclude Include="Game.h">
      <Filter>GameLogic\Game</Filter>
    </ClInclude>
    <ClInclude Include="GameManager.h">
      <Filter>GameLogic\Game\GameMamanger</Filter>
    </ClInclude>
    <ClInclude Include="Player.h">
      <Filter>GameLogic\Player</Filter>
    </ClInclude>
    <ClInclude Include="PlayerManager.h">
      <Filter>GameLogic\Player\PlayerManager</Filter>
    </ClInclude>
    <ClInclude Include="Group.h">
      <Filter>GameLogic\Player\Group</Filter>
    </ClInclude>
    <ClInclude Include="UnitData.h">
      <Filter>GameLogic\UnitData</Filter>
    </ClInclude>
    <ClInclude Include="Unit.h">
      <Filter>GameLogic\Unit</Filter>
    </ClInclude>
    <ClInclude Include="ArcaStone.h">
      <Filter>GameLogic\Unit\NPC</Filter>
    </ClInclude>
    <ClInclude Include="Knight.h">
      <Filter>GameLogic\Unit\PC</Filter>
    </ClInclude>
    <ClInclude Include="Soldier.h">
      <Filter>GameLogic\Unit\PC</Filter>
    </ClInclude>
    <ClInclude Include="Rider.h">
      <Filter>GameLogic\Unit\PC</Filter>
    </ClInclude>
  </ItemGroup>
  <ItemGroup>
    <ClCompile Include="CircularBuffer.cpp">
      <Filter>Utils</Filter>
    </ClCompile>
    <ClCompile Include="Exception.cpp">
      <Filter>Utils</Filter>
    </ClCompile>
    <ClCompile Include="DbHelper.cpp">
      <Filter>Utils</Filter>
    </ClCompile>
    <ClCompile Include="stdafx.cpp">
      <Filter>Main</Filter>
    </ClCompile>
    <ClCompile Include="PacketHandling.cpp">
      <Filter>Packet</Filter>
    </ClCompile>
    <ClCompile Include="ClientManager.cpp">
      <Filter>Main</Filter>
    </ClCompile>
    <ClCompile Include="ClientSession.cpp">
      <Filter>Main</Filter>
    </ClCompile>
    <ClCompile Include="DatabaseJobContext.cpp">
      <Filter>Main</Filter>
    </ClCompile>
    <ClCompile Include="DatabaseJobManager.cpp">
      <Filter>Main</Filter>
    </ClCompile>
    <ClCompile Include="Scheduler.cpp">
      <Filter>Utils</Filter>
    </ClCompile>
    <ClCompile Include="ThreadLocal.cpp">
      <Filter>Utils</Filter>
    </ClCompile>
    <ClCompile Include="sqlite3.c">
      <Filter>Utils\SQLite3</Filter>
    </ClCompile>
    <ClCompile Include="Shop.cpp">
      <Filter>GameLogic</Filter>
    </ClCompile>
    <ClCompile Include="ArcaServer.cpp">
      <Filter>Main</Filter>
    </ClCompile>
    <ClCompile Include="AutoMatcher.cpp">
      <Filter>GameLogic\AutoMatcher</Filter>
    </ClCompile>
    <ClCompile Include="Field.cpp">
      <Filter>GameLogic\Field</Filter>
    </ClCompile>
    <ClCompile Include="Game.cpp">
      <Filter>GameLogic\Game</Filter>
    </ClCompile>
    <ClCompile Include="GameManager.cpp">
      <Filter>GameLogic\Game\GameMamanger</Filter>
    </ClCompile>
    <ClCompile Include="Player.cpp">
      <Filter>GameLogic\Player</Filter>
    </ClCompile>
    <ClCompile Include="PlayerManager.cpp">
      <Filter>GameLogic\Player\PlayerManager</Filter>
    </ClCompile>
    <ClCompile Include="Unit.cpp">
      <Filter>GameLogic\Unit</Filter>
    </ClCompile>
    <ClCompile Include="ArcaStone.cpp">
      <Filter>GameLogic\Unit\NPC</Filter>
    </ClCompile>
    <ClCompile Include="Knight.cpp">
      <Filter>GameLogic\Unit\PC</Filter>
    </ClCompile>
    <ClCompile Include="Soldier.cpp">
      <Filter>GameLogic\Unit\PC</Filter>
    </ClCompile>
    <ClCompile Include="Rider.cpp">
      <Filter>GameLogic\Unit\PC</Filter>
    </ClCompile>
  </ItemGroup>
</Project>